
Microsoft Visual Studio Solution File, Format Version 12.00
# Visual Studio 2013
VisualStudioVersion = 12.0.31101.0
MinimumVisualStudioVersion = 10.0.40219.1
Project("{FAE04EC0-301F-11D3-BF4B-00C04F79EFBC}") = "Lab2", "Lab2\Lab2.csproj", "{52ACCA8F-4CFF-4B77-9471-A0D209C5CA92}"
EndProject
Project("{FAE04EC0-301F-11D3-BF4B-00C04F79EFBC}") = "Lab2_2", "Lab2_2\Lab2_2.csproj", "{703397FF-25C4-4BF4-AEA3-23F959E519D3}"
EndProject
Global
	GlobalSection(SolutionConfigurationPlatforms) = preSolution
		Debug|Any CPU = Debug|Any CPU
		Release|Any CPU = Release|Any CPU
	EndGlobalSection
	GlobalSection(ProjectConfigurationPlatforms) = postSolution
		{52ACCA8F-4CFF-4B77-9471-A0D209C5CA92}.Debug|Any CPU.ActiveCfg = Debug|Any CPU
		{52ACCA8F-4CFF-4B77-9471-A0D209C5CA92}.Debug|Any CPU.Build.0 = Debug|Any CPU
		{52ACCA8F-4CFF-4B77-9471-A0D209C5CA92}.Release|Any CPU.ActiveCfg = Release|Any CPU
		{52ACCA8F-4CFF-4B77-9471-A0D209C5CA92}.Release|Any CPU.Build.0 = Release|Any CPU
		{703397FF-25C4-4BF4-AEA3-23F959E519D3}.Debug|Any CPU.ActiveCfg = Debug|Any CPU
		{703397FF-25C4-4BF4-AEA3-23F959E519D3}.Debug|Any CPU.Build.0 = Debug|Any CPU
		{703397FF-25C4-4BF4-AEA3-23F959E519D3}.Release|Any CPU.ActiveCfg = Release|Any CPU
		{703397FF-25C4-4BF4-AEA3-23F959E519D3}.Release|Any CPU.Build.0 = Release|Any CPU
	EndGlobalSection
	GlobalSection(SolutionProperties) = preSolution
		HideSolutionNode = FALSE
	EndGlobalSection
EndGlobal
